# THIS IS AN AUTOGENERATED FILE. DO NOT EDIT THIS FILE DIRECTLY.
# yarn lockfile v1


"@blokwise/dynamic@^1.0.1":
  version "1.0.1"
  resolved "https://registry.yarnpkg.com/@blokwise/dynamic/-/dynamic-1.0.1.tgz#a4077ad326c278092ccf56bc4fe6e99227cfcb73"
  integrity sha512-6UjnjQREsX1xd8vYNIH4+ROr8lOpgD5XyGFWncOa+Iax969dC9wI7i+IrcxlYQjdru4h7O3qLJYu+ybj0YXsnw==
  dependencies:
    consola "^2.15.0"
    vue-lazy-hydration "1.0.0-beta.14"

consola@^2.15.0:
  version "2.15.0"
  resolved "https://registry.yarnpkg.com/consola/-/consola-2.15.0.tgz#40fc4eefa4d2f8ef2e2806147f056ea207fcc0e9"
  integrity sha512-vlcSGgdYS26mPf7qNi+dCisbhiyDnrN1zaRbw3CSuc2wGOMEGGPsp46PdRG5gqXwgtJfjxDkxRNAgRPr1B77vQ==

vue-lazy-hydration@1.0.0-beta.14:
  version "1.0.0-beta.14"
  resolved "https://registry.yarnpkg.com/vue-lazy-hydration/-/vue-lazy-hydration-1.0.0-beta.14.tgz#50b08003c2317afd15bf33871c4bbd0b952ca808"
  integrity sha512-Xm6e1SL9WBlmMWIDThteOUGyiBNGyPTG4S5KZLMlbJZEvTzRpqAAiFhg4BQyohwufyvpj+WTdr63fhNxK43RQA==
